
Microsoft Visual Studio Solution File, Format Version 12.00
# Visual Studio 14
VisualStudioVersion = 14.0.25420.1
MinimumVisualStudioVersion = 10.0.40219.1
Project("{2150E333-8FDC-42A3-9474-1A3956D46DE8}") = "src", "src", "{F806BD08-EFED-4BD9-B921-5CE336143436}"
EndProject
Project("{2150E333-8FDC-42A3-9474-1A3956D46DE8}") = "Solution Items", "Solution Items", "{B36EECE4-F4F6-47D5-8AC3-9EA19A8B43C4}"
	ProjectSection(SolutionItems) = preProject
		global.json = global.json
	EndProjectSection
EndProject
Project("{8BB2217D-0F2D-49D1-97BC-3654ED321F3B}") = "OO.Core", "src\OO.Core\OO.Core.xproj", "{07EBEEAF-89CE-4855-9C40-D64C998EE537}"
EndProject
Project("{2150E333-8FDC-42A3-9474-1A3956D46DE8}") = "test", "test", "{DE62732E-58CC-4659-BE0D-23AB6907C7A6}"
EndProject
Project("{8BB2217D-0F2D-49D1-97BC-3654ED321F3B}") = "OO.Core.Tests", "test\OO.Core.Tests\OO.Core.Tests.xproj", "{004B4F32-0FCB-4E0C-AFA1-7A254CC4BF34}"
EndProject
Global
	GlobalSection(SolutionConfigurationPlatforms) = preSolution
		Debug|Any CPU = Debug|Any CPU
		Release|Any CPU = Release|Any CPU
	EndGlobalSection
	GlobalSection(ProjectConfigurationPlatforms) = postSolution
		{07EBEEAF-89CE-4855-9C40-D64C998EE537}.Debug|Any CPU.ActiveCfg = Debug|Any CPU
		{07EBEEAF-89CE-4855-9C40-D64C998EE537}.Debug|Any CPU.Build.0 = Debug|Any CPU
		{07EBEEAF-89CE-4855-9C40-D64C998EE537}.Release|Any CPU.ActiveCfg = Release|Any CPU
		{07EBEEAF-89CE-4855-9C40-D64C998EE537}.Release|Any CPU.Build.0 = Release|Any CPU
		{004B4F32-0FCB-4E0C-AFA1-7A254CC4BF34}.Debug|Any CPU.ActiveCfg = Debug|Any CPU
		{004B4F32-0FCB-4E0C-AFA1-7A254CC4BF34}.Debug|Any CPU.Build.0 = Debug|Any CPU
		{004B4F32-0FCB-4E0C-AFA1-7A254CC4BF34}.Release|Any CPU.ActiveCfg = Release|Any CPU
		{004B4F32-0FCB-4E0C-AFA1-7A254CC4BF34}.Release|Any CPU.Build.0 = Release|Any CPU
	EndGlobalSection
	GlobalSection(SolutionProperties) = preSolution
		HideSolutionNode = FALSE
	EndGlobalSection
	GlobalSection(NestedProjects) = preSolution
		{07EBEEAF-89CE-4855-9C40-D64C998EE537} = {F806BD08-EFED-4BD9-B921-5CE336143436}
		{004B4F32-0FCB-4E0C-AFA1-7A254CC4BF34} = {DE62732E-58CC-4659-BE0D-23AB6907C7A6}
	EndGlobalSection
EndGlobal
